# THIS IS AN AUTOGENERATED FILE. DO NOT EDIT THIS FILE DIRECTLY.
# yarn lockfile v1


shopify-buy@^2.14.0:
  version "2.14.0"
  resolved "https://registry.yarnpkg.com/shopify-buy/-/shopify-buy-2.14.0.tgz#b4a35cb7e83518f44476ff3e3b5530cf86a24ddb"
  integrity sha512-ehQMBQzkmm837boIUb85umpWg25EYzgDTqSv1dLabTmfTQSlhTkBJ0r1mDZnZpEoYpWbAs6cSSa5C9/NIaSSOQ==
